
Microsoft Visual Studio Solution File, Format Version 12.00
# Visual Studio Version 17
VisualStudioVersion = 17.2.32630.192
MinimumVisualStudioVersion = 10.0.40219.1
Project("{FAE04EC0-301F-11D3-BF4B-00C04F79EFBC}") = "TriangleSolver", "TriangleSolver\TriangleSolver.csproj", "{E91297F3-BEAC-4D77-8BEF-B6DA0646079E}"
EndProject
Project("{2150E333-8FDC-42A3-9474-1A3956D46DE8}") = "TestClass", "TestClass", "{11C66D96-3195-47DA-9785-F3591FED8634}"
EndProject
Project("{FAE04EC0-301F-11D3-BF4B-00C04F79EFBC}") = "TriangleSolverTest", "TriangleSolverTest\TriangleSolverTest.csproj", "{97D62F74-F081-4278-83C4-A7EBB53FB74C}"
EndProject
Global
	GlobalSection(SolutionConfigurationPlatforms) = preSolution
		Debug|Any CPU = Debug|Any CPU
		Release|Any CPU = Release|Any CPU
	EndGlobalSection
	GlobalSection(ProjectConfigurationPlatforms) = postSolution
		{E91297F3-BEAC-4D77-8BEF-B6DA0646079E}.Debug|Any CPU.ActiveCfg = Debug|Any CPU
		{E91297F3-BEAC-4D77-8BEF-B6DA0646079E}.Debug|Any CPU.Build.0 = Debug|Any CPU
		{E91297F3-BEAC-4D77-8BEF-B6DA0646079E}.Release|Any CPU.ActiveCfg = Release|Any CPU
		{E91297F3-BEAC-4D77-8BEF-B6DA0646079E}.Release|Any CPU.Build.0 = Release|Any CPU
		{97D62F74-F081-4278-83C4-A7EBB53FB74C}.Debug|Any CPU.ActiveCfg = Debug|Any CPU
		{97D62F74-F081-4278-83C4-A7EBB53FB74C}.Debug|Any CPU.Build.0 = Debug|Any CPU
		{97D62F74-F081-4278-83C4-A7EBB53FB74C}.Release|Any CPU.ActiveCfg = Release|Any CPU
		{97D62F74-F081-4278-83C4-A7EBB53FB74C}.Release|Any CPU.Build.0 = Release|Any CPU
	EndGlobalSection
	GlobalSection(SolutionProperties) = preSolution
		HideSolutionNode = FALSE
	EndGlobalSection
	GlobalSection(NestedProjects) = preSolution
		{97D62F74-F081-4278-83C4-A7EBB53FB74C} = {11C66D96-3195-47DA-9785-F3591FED8634}
	EndGlobalSection
	GlobalSection(ExtensibilityGlobals) = postSolution
		SolutionGuid = {4C4582DC-94EE-4F65-8B7A-E691339D63D1}
	EndGlobalSection
EndGlobal
